
Microsoft Visual Studio Solution File, Format Version 12.00
# Visual Studio 2012
Project("{8BC9CEB8-8B4A-11D0-8D11-00A0C91BC942}") = "Cordova", "Cordova\Cordova.vcxproj", "{3FE6EDB1-A141-4CC2-BA28-FD7761F2E9A9}"
EndProject
Project("{FAE04EC0-301F-11D3-BF4B-00C04F79EFBC}") = "DotNetCPPBridge", "DotNetCPPBridge\DotNetCPPBridge.csproj", "{EE52E854-E3CF-4239-922C-500E2DB23D32}"
EndProject
Project("{2150E333-8FDC-42A3-9474-1A3956D46DE8}") = ".nuget", ".nuget", "{325F7355-F56F-43B9-94A0-11ACF5532E55}"
	ProjectSection(SolutionItems) = preProject
		.nuget\packages.config = .nuget\packages.config
	EndProjectSection
EndProject
Project("{FAE04EC0-301F-11D3-BF4B-00C04F79EFBC}") = "CordovaWpfApplicationComposer", "CordovaWpfApplicationComposer\CordovaWpfApplicationComposer.csproj", "{648CA5B4-9048-4C46-9F01-6C98FE94B6FD}"
EndProject
Project("{FAE04EC0-301F-11D3-BF4B-00C04F79EFBC}") = "CordovaCore", "CordovaCore\CordovaCore.csproj", "{91574C3F-DB71-4B18-8460-8B83D2475814}"
EndProject
Project("{FAE04EC0-301F-11D3-BF4B-00C04F79EFBC}") = "CordovaTests", "CordovaTests\CordovaTests.csproj", "{B05496E9-EE9C-4492-95F9-CDE4005250B9}"
EndProject
Project("{FAE04EC0-301F-11D3-BF4B-00C04F79EFBC}") = "CordovaWpf", "CordovaWpf\CordovaWpf.csproj", "{45C70767-E0E3-4EA1-A0F5-679DBD3369C5}"
EndProject
Project("{FAE04EC0-301F-11D3-BF4B-00C04F79EFBC}") = "IrwanUnitTestFramework", "..\IrwanUnitTestFramework\IrwanUnitTestFramework.csproj", "{A06D6D45-F35F-4007-BE7E-0A43A1AD6408}"
EndProject
Project("{FAE04EC0-301F-11D3-BF4B-00C04F79EFBC}") = "ReusableToolkits", "..\ReusableToolkits\ReusableToolkits.csproj", "{69B2729D-6ED8-4B31-B8C3-264678B1EF94}"
EndProject
Global
	GlobalSection(SolutionConfigurationPlatforms) = preSolution
		32Bit|Any CPU = 32Bit|Any CPU
		32Bit|Mixed Platforms = 32Bit|Mixed Platforms
		32Bit|Win32 = 32Bit|Win32
		32Bit|x64 = 32Bit|x64
		32Bit|x86 = 32Bit|x86
		Debug|Any CPU = Debug|Any CPU
		Debug|Mixed Platforms = Debug|Mixed Platforms
		Debug|Win32 = Debug|Win32
		Debug|x64 = Debug|x64
		Debug|x86 = Debug|x86
		Release|Any CPU = Release|Any CPU
		Release|Mixed Platforms = Release|Mixed Platforms
		Release|Win32 = Release|Win32
		Release|x64 = Release|x64
		Release|x86 = Release|x86
		UnitTests|Any CPU = UnitTests|Any CPU
		UnitTests|Mixed Platforms = UnitTests|Mixed Platforms
		UnitTests|Win32 = UnitTests|Win32
		UnitTests|x64 = UnitTests|x64
		UnitTests|x86 = UnitTests|x86
	EndGlobalSection
	GlobalSection(ProjectConfigurationPlatforms) = postSolution
		{3FE6EDB1-A141-4CC2-BA28-FD7761F2E9A9}.32Bit|Any CPU.ActiveCfg = Release|Win32
		{3FE6EDB1-A141-4CC2-BA28-FD7761F2E9A9}.32Bit|Mixed Platforms.ActiveCfg = Release|Win32
		{3FE6EDB1-A141-4CC2-BA28-FD7761F2E9A9}.32Bit|Mixed Platforms.Build.0 = Release|Win32
		{3FE6EDB1-A141-4CC2-BA28-FD7761F2E9A9}.32Bit|Win32.ActiveCfg = Release|Win32
		{3FE6EDB1-A141-4CC2-BA28-FD7761F2E9A9}.32Bit|Win32.Build.0 = Release|Win32
		{3FE6EDB1-A141-4CC2-BA28-FD7761F2E9A9}.32Bit|x64.ActiveCfg = Release|Win32
		{3FE6EDB1-A141-4CC2-BA28-FD7761F2E9A9}.32Bit|x86.ActiveCfg = Release|Win32
		{3FE6EDB1-A141-4CC2-BA28-FD7761F2E9A9}.32Bit|x86.Build.0 = Release|Win32
		{3FE6EDB1-A141-4CC2-BA28-FD7761F2E9A9}.Debug|Any CPU.ActiveCfg = Debug|Win32
		{3FE6EDB1-A141-4CC2-BA28-FD7761F2E9A9}.Debug|Mixed Platforms.ActiveCfg = Debug|Win32
		{3FE6EDB1-A141-4CC2-BA28-FD7761F2E9A9}.Debug|Mixed Platforms.Build.0 = Debug|Win32
		{3FE6EDB1-A141-4CC2-BA28-FD7761F2E9A9}.Debug|Win32.ActiveCfg = Debug|Win32
		{3FE6EDB1-A141-4CC2-BA28-FD7761F2E9A9}.Debug|Win32.Build.0 = Debug|Win32
		{3FE6EDB1-A141-4CC2-BA28-FD7761F2E9A9}.Debug|x64.ActiveCfg = Debug|Win32
		{3FE6EDB1-A141-4CC2-BA28-FD7761F2E9A9}.Debug|x86.ActiveCfg = Debug|Win32
		{3FE6EDB1-A141-4CC2-BA28-FD7761F2E9A9}.Debug|x86.Build.0 = Debug|Win32
		{3FE6EDB1-A141-4CC2-BA28-FD7761F2E9A9}.Release|Any CPU.ActiveCfg = Release|Win32
		{3FE6EDB1-A141-4CC2-BA28-FD7761F2E9A9}.Release|Mixed Platforms.ActiveCfg = Release|Win32
		{3FE6EDB1-A141-4CC2-BA28-FD7761F2E9A9}.Release|Mixed Platforms.Build.0 = Release|Win32
		{3FE6EDB1-A141-4CC2-BA28-FD7761F2E9A9}.Release|Win32.ActiveCfg = Release|Win32
		{3FE6EDB1-A141-4CC2-BA28-FD7761F2E9A9}.Release|Win32.Build.0 = Release|Win32
		{3FE6EDB1-A141-4CC2-BA28-FD7761F2E9A9}.Release|x64.ActiveCfg = Release|Win32
		{3FE6EDB1-A141-4CC2-BA28-FD7761F2E9A9}.Release|x86.ActiveCfg = Release|Win32
		{3FE6EDB1-A141-4CC2-BA28-FD7761F2E9A9}.Release|x86.Build.0 = Release|Win32
		{3FE6EDB1-A141-4CC2-BA28-FD7761F2E9A9}.UnitTests|Any CPU.ActiveCfg = Release|Win32
		{3FE6EDB1-A141-4CC2-BA28-FD7761F2E9A9}.UnitTests|Mixed Platforms.ActiveCfg = Release|Win32
		{3FE6EDB1-A141-4CC2-BA28-FD7761F2E9A9}.UnitTests|Mixed Platforms.Build.0 = Release|Win32
		{3FE6EDB1-A141-4CC2-BA28-FD7761F2E9A9}.UnitTests|Win32.ActiveCfg = Release|Win32
		{3FE6EDB1-A141-4CC2-BA28-FD7761F2E9A9}.UnitTests|Win32.Build.0 = Release|Win32
		{3FE6EDB1-A141-4CC2-BA28-FD7761F2E9A9}.UnitTests|x64.ActiveCfg = Release|Win32
		{3FE6EDB1-A141-4CC2-BA28-FD7761F2E9A9}.UnitTests|x86.ActiveCfg = Release|Win32
		{3FE6EDB1-A141-4CC2-BA28-FD7761F2E9A9}.UnitTests|x86.Build.0 = Release|Win32
		{EE52E854-E3CF-4239-922C-500E2DB23D32}.32Bit|Any CPU.ActiveCfg = Release|Any CPU
		{EE52E854-E3CF-4239-922C-500E2DB23D32}.32Bit|Any CPU.Build.0 = Release|Any CPU
		{EE52E854-E3CF-4239-922C-500E2DB23D32}.32Bit|Mixed Platforms.ActiveCfg = Release|Any CPU
		{EE52E854-E3CF-4239-922C-500E2DB23D32}.32Bit|Mixed Platforms.Build.0 = Release|Any CPU
		{EE52E854-E3CF-4239-922C-500E2DB23D32}.32Bit|Win32.ActiveCfg = Release|Any CPU
		{EE52E854-E3CF-4239-922C-500E2DB23D32}.32Bit|x64.ActiveCfg = Release|Any CPU
		{EE52E854-E3CF-4239-922C-500E2DB23D32}.32Bit|x86.ActiveCfg = Release|Any CPU
		{EE52E854-E3CF-4239-922C-500E2DB23D32}.Debug|Any CPU.ActiveCfg = Debug|Any CPU
		{EE52E854-E3CF-4239-922C-500E2DB23D32}.Debug|Any CPU.Build.0 = Debug|Any CPU
		{EE52E854-E3CF-4239-922C-500E2DB23D32}.Debug|Mixed Platforms.ActiveCfg = Debug|Any CPU
		{EE52E854-E3CF-4239-922C-500E2DB23D32}.Debug|Mixed Platforms.Build.0 = Debug|Any CPU
		{EE52E854-E3CF-4239-922C-500E2DB23D32}.Debug|Win32.ActiveCfg = Debug|Any CPU
		{EE52E854-E3CF-4239-922C-500E2DB23D32}.Debug|x64.ActiveCfg = Debug|Any CPU
		{EE52E854-E3CF-4239-922C-500E2DB23D32}.Debug|x86.ActiveCfg = Debug|Any CPU
		{EE52E854-E3CF-4239-922C-500E2DB23D32}.Release|Any CPU.ActiveCfg = Release|Any CPU
		{EE52E854-E3CF-4239-922C-500E2DB23D32}.Release|Any CPU.Build.0 = Release|Any CPU
		{EE52E854-E3CF-4239-922C-500E2DB23D32}.Release|Mixed Platforms.ActiveCfg = Release|Any CPU
		{EE52E854-E3CF-4239-922C-500E2DB23D32}.Release|Mixed Platforms.Build.0 = Release|Any CPU
		{EE52E854-E3CF-4239-922C-500E2DB23D32}.Release|Win32.ActiveCfg = Release|Any CPU
		{EE52E854-E3CF-4239-922C-500E2DB23D32}.Release|x64.ActiveCfg = Release|Any CPU
		{EE52E854-E3CF-4239-922C-500E2DB23D32}.Release|x86.ActiveCfg = Release|Any CPU
		{EE52E854-E3CF-4239-922C-500E2DB23D32}.UnitTests|Any CPU.ActiveCfg = Release|Any CPU
		{EE52E854-E3CF-4239-922C-500E2DB23D32}.UnitTests|Any CPU.Build.0 = Release|Any CPU
		{EE52E854-E3CF-4239-922C-500E2DB23D32}.UnitTests|Mixed Platforms.ActiveCfg = Release|Any CPU
		{EE52E854-E3CF-4239-922C-500E2DB23D32}.UnitTests|Mixed Platforms.Build.0 = Release|Any CPU
		{EE52E854-E3CF-4239-922C-500E2DB23D32}.UnitTests|Win32.ActiveCfg = Release|Any CPU
		{EE52E854-E3CF-4239-922C-500E2DB23D32}.UnitTests|x64.ActiveCfg = Release|Any CPU
		{EE52E854-E3CF-4239-922C-500E2DB23D32}.UnitTests|x86.ActiveCfg = Release|Any CPU
		{648CA5B4-9048-4C46-9F01-6C98FE94B6FD}.32Bit|Any CPU.ActiveCfg = Release|Any CPU
		{648CA5B4-9048-4C46-9F01-6C98FE94B6FD}.32Bit|Any CPU.Build.0 = Release|Any CPU
		{648CA5B4-9048-4C46-9F01-6C98FE94B6FD}.32Bit|Mixed Platforms.ActiveCfg = Release|Any CPU
		{648CA5B4-9048-4C46-9F01-6C98FE94B6FD}.32Bit|Mixed Platforms.Build.0 = Release|Any CPU
		{648CA5B4-9048-4C46-9F01-6C98FE94B6FD}.32Bit|Win32.ActiveCfg = Release|Any CPU
		{648CA5B4-9048-4C46-9F01-6C98FE94B6FD}.32Bit|x64.ActiveCfg = Release|Any CPU
		{648CA5B4-9048-4C46-9F01-6C98FE94B6FD}.32Bit|x86.ActiveCfg = Release|Any CPU
		{648CA5B4-9048-4C46-9F01-6C98FE94B6FD}.Debug|Any CPU.ActiveCfg = Debug|Any CPU
		{648CA5B4-9048-4C46-9F01-6C98FE94B6FD}.Debug|Any CPU.Build.0 = Debug|Any CPU
		{648CA5B4-9048-4C46-9F01-6C98FE94B6FD}.Debug|Mixed Platforms.ActiveCfg = Debug|Any CPU
		{648CA5B4-9048-4C46-9F01-6C98FE94B6FD}.Debug|Mixed Platforms.Build.0 = Debug|Any CPU
		{648CA5B4-9048-4C46-9F01-6C98FE94B6FD}.Debug|Win32.ActiveCfg = Debug|Any CPU
		{648CA5B4-9048-4C46-9F01-6C98FE94B6FD}.Debug|x64.ActiveCfg = Debug|Any CPU
		{648CA5B4-9048-4C46-9F01-6C98FE94B6FD}.Debug|x86.ActiveCfg = Debug|Any CPU
		{648CA5B4-9048-4C46-9F01-6C98FE94B6FD}.Release|Any CPU.ActiveCfg = Release|Any CPU
		{648CA5B4-9048-4C46-9F01-6C98FE94B6FD}.Release|Any CPU.Build.0 = Release|Any CPU
		{648CA5B4-9048-4C46-9F01-6C98FE94B6FD}.Release|Mixed Platforms.ActiveCfg = Release|Any CPU
		{648CA5B4-9048-4C46-9F01-6C98FE94B6FD}.Release|Mixed Platforms.Build.0 = Release|Any CPU
		{648CA5B4-9048-4C46-9F01-6C98FE94B6FD}.Release|Win32.ActiveCfg = Release|Any CPU
		{648CA5B4-9048-4C46-9F01-6C98FE94B6FD}.Release|x64.ActiveCfg = Release|Any CPU
		{648CA5B4-9048-4C46-9F01-6C98FE94B6FD}.Release|x86.ActiveCfg = Release|Any CPU
		{648CA5B4-9048-4C46-9F01-6C98FE94B6FD}.UnitTests|Any CPU.ActiveCfg = Release|Any CPU
		{648CA5B4-9048-4C46-9F01-6C98FE94B6FD}.UnitTests|Any CPU.Build.0 = Release|Any CPU
		{648CA5B4-9048-4C46-9F01-6C98FE94B6FD}.UnitTests|Mixed Platforms.ActiveCfg = Release|Any CPU
		{648CA5B4-9048-4C46-9F01-6C98FE94B6FD}.UnitTests|Mixed Platforms.Build.0 = Release|Any CPU
		{648CA5B4-9048-4C46-9F01-6C98FE94B6FD}.UnitTests|Win32.ActiveCfg = Release|Any CPU
		{648CA5B4-9048-4C46-9F01-6C98FE94B6FD}.UnitTests|x64.ActiveCfg = Release|Any CPU
		{648CA5B4-9048-4C46-9F01-6C98FE94B6FD}.UnitTests|x86.ActiveCfg = Release|Any CPU
		{91574C3F-DB71-4B18-8460-8B83D2475814}.32Bit|Any CPU.ActiveCfg = Release|Any CPU
		{91574C3F-DB71-4B18-8460-8B83D2475814}.32Bit|Any CPU.Build.0 = Release|Any CPU
		{91574C3F-DB71-4B18-8460-8B83D2475814}.32Bit|Mixed Platforms.ActiveCfg = Release|Any CPU
		{91574C3F-DB71-4B18-8460-8B83D2475814}.32Bit|Mixed Platforms.Build.0 = Release|Any CPU
		{91574C3F-DB71-4B18-8460-8B83D2475814}.32Bit|Win32.ActiveCfg = Release|Any CPU
		{91574C3F-DB71-4B18-8460-8B83D2475814}.32Bit|x64.ActiveCfg = Release|Any CPU
		{91574C3F-DB71-4B18-8460-8B83D2475814}.32Bit|x86.ActiveCfg = Release|Any CPU
		{91574C3F-DB71-4B18-8460-8B83D2475814}.Debug|Any CPU.ActiveCfg = Debug|Any CPU
		{91574C3F-DB71-4B18-8460-8B83D2475814}.Debug|Any CPU.Build.0 = Debug|Any CPU
		{91574C3F-DB71-4B18-8460-8B83D2475814}.Debug|Mixed Platforms.ActiveCfg = Debug|Any CPU
		{91574C3F-DB71-4B18-8460-8B83D2475814}.Debug|Mixed Platforms.Build.0 = Debug|Any CPU
		{91574C3F-DB71-4B18-8460-8B83D2475814}.Debug|Win32.ActiveCfg = Debug|Any CPU
		{91574C3F-DB71-4B18-8460-8B83D2475814}.Debug|x64.ActiveCfg = Debug|Any CPU
		{91574C3F-DB71-4B18-8460-8B83D2475814}.Debug|x86.ActiveCfg = Debug|Any CPU
		{91574C3F-DB71-4B18-8460-8B83D2475814}.Release|Any CPU.ActiveCfg = Release|Any CPU
		{91574C3F-DB71-4B18-8460-8B83D2475814}.Release|Any CPU.Build.0 = Release|Any CPU
		{91574C3F-DB71-4B18-8460-8B83D2475814}.Release|Mixed Platforms.ActiveCfg = Release|Any CPU
		{91574C3F-DB71-4B18-8460-8B83D2475814}.Release|Mixed Platforms.Build.0 = Release|Any CPU
		{91574C3F-DB71-4B18-8460-8B83D2475814}.Release|Win32.ActiveCfg = Release|Any CPU
		{91574C3F-DB71-4B18-8460-8B83D2475814}.Release|x64.ActiveCfg = Release|Any CPU
		{91574C3F-DB71-4B18-8460-8B83D2475814}.Release|x86.ActiveCfg = Release|Any CPU
		{91574C3F-DB71-4B18-8460-8B83D2475814}.UnitTests|Any CPU.ActiveCfg = Release|Any CPU
		{91574C3F-DB71-4B18-8460-8B83D2475814}.UnitTests|Any CPU.Build.0 = Release|Any CPU
		{91574C3F-DB71-4B18-8460-8B83D2475814}.UnitTests|Mixed Platforms.ActiveCfg = Release|Any CPU
		{91574C3F-DB71-4B18-8460-8B83D2475814}.UnitTests|Mixed Platforms.Build.0 = Release|Any CPU
		{91574C3F-DB71-4B18-8460-8B83D2475814}.UnitTests|Win32.ActiveCfg = Release|Any CPU
		{91574C3F-DB71-4B18-8460-8B83D2475814}.UnitTests|x64.ActiveCfg = Release|Any CPU
		{91574C3F-DB71-4B18-8460-8B83D2475814}.UnitTests|x86.ActiveCfg = Release|Any CPU
		{B05496E9-EE9C-4492-95F9-CDE4005250B9}.32Bit|Any CPU.ActiveCfg = Release|Any CPU
		{B05496E9-EE9C-4492-95F9-CDE4005250B9}.32Bit|Any CPU.Build.0 = Release|Any CPU
		{B05496E9-EE9C-4492-95F9-CDE4005250B9}.32Bit|Mixed Platforms.ActiveCfg = Release|Any CPU
		{B05496E9-EE9C-4492-95F9-CDE4005250B9}.32Bit|Mixed Platforms.Build.0 = Release|Any CPU
		{B05496E9-EE9C-4492-95F9-CDE4005250B9}.32Bit|Win32.ActiveCfg = Release|Any CPU
		{B05496E9-EE9C-4492-95F9-CDE4005250B9}.32Bit|x64.ActiveCfg = Release|Any CPU
		{B05496E9-EE9C-4492-95F9-CDE4005250B9}.32Bit|x86.ActiveCfg = Release|Any CPU
		{B05496E9-EE9C-4492-95F9-CDE4005250B9}.Debug|Any CPU.ActiveCfg = Debug|Any CPU
		{B05496E9-EE9C-4492-95F9-CDE4005250B9}.Debug|Any CPU.Build.0 = Debug|Any CPU
		{B05496E9-EE9C-4492-95F9-CDE4005250B9}.Debug|Mixed Platforms.ActiveCfg = Debug|Any CPU
		{B05496E9-EE9C-4492-95F9-CDE4005250B9}.Debug|Mixed Platforms.Build.0 = Debug|Any CPU
		{B05496E9-EE9C-4492-95F9-CDE4005250B9}.Debug|Win32.ActiveCfg = Debug|Any CPU
		{B05496E9-EE9C-4492-95F9-CDE4005250B9}.Debug|x64.ActiveCfg = Debug|Any CPU
		{B05496E9-EE9C-4492-95F9-CDE4005250B9}.Debug|x86.ActiveCfg = Debug|Any CPU
		{B05496E9-EE9C-4492-95F9-CDE4005250B9}.Release|Any CPU.ActiveCfg = Release|Any CPU
		{B05496E9-EE9C-4492-95F9-CDE4005250B9}.Release|Any CPU.Build.0 = Release|Any CPU
		{B05496E9-EE9C-4492-95F9-CDE4005250B9}.Release|Mixed Platforms.ActiveCfg = Release|Any CPU
		{B05496E9-EE9C-4492-95F9-CDE4005250B9}.Release|Mixed Platforms.Build.0 = Release|Any CPU
		{B05496E9-EE9C-4492-95F9-CDE4005250B9}.Release|Win32.ActiveCfg = Release|Any CPU
		{B05496E9-EE9C-4492-95F9-CDE4005250B9}.Release|x64.ActiveCfg = Release|Any CPU
		{B05496E9-EE9C-4492-95F9-CDE4005250B9}.Release|x86.ActiveCfg = Release|Any CPU
		{B05496E9-EE9C-4492-95F9-CDE4005250B9}.UnitTests|Any CPU.ActiveCfg = Release|Any CPU
		{B05496E9-EE9C-4492-95F9-CDE4005250B9}.UnitTests|Any CPU.Build.0 = Release|Any CPU
		{B05496E9-EE9C-4492-95F9-CDE4005250B9}.UnitTests|Mixed Platforms.ActiveCfg = Release|Any CPU
		{B05496E9-EE9C-4492-95F9-CDE4005250B9}.UnitTests|Mixed Platforms.Build.0 = Release|Any CPU
		{B05496E9-EE9C-4492-95F9-CDE4005250B9}.UnitTests|Win32.ActiveCfg = Release|Any CPU
		{B05496E9-EE9C-4492-95F9-CDE4005250B9}.UnitTests|x64.ActiveCfg = Release|Any CPU
		{B05496E9-EE9C-4492-95F9-CDE4005250B9}.UnitTests|x86.ActiveCfg = Release|Any CPU
		{45C70767-E0E3-4EA1-A0F5-679DBD3369C5}.32Bit|Any CPU.ActiveCfg = Release|Any CPU
		{45C70767-E0E3-4EA1-A0F5-679DBD3369C5}.32Bit|Any CPU.Build.0 = Release|Any CPU
		{45C70767-E0E3-4EA1-A0F5-679DBD3369C5}.32Bit|Mixed Platforms.ActiveCfg = Release|Any CPU
		{45C70767-E0E3-4EA1-A0F5-679DBD3369C5}.32Bit|Mixed Platforms.Build.0 = Release|Any CPU
		{45C70767-E0E3-4EA1-A0F5-679DBD3369C5}.32Bit|Win32.ActiveCfg = Release|Any CPU
		{45C70767-E0E3-4EA1-A0F5-679DBD3369C5}.32Bit|x64.ActiveCfg = Release|Any CPU
		{45C70767-E0E3-4EA1-A0F5-679DBD3369C5}.32Bit|x86.ActiveCfg = Release|Any CPU
		{45C70767-E0E3-4EA1-A0F5-679DBD3369C5}.Debug|Any CPU.ActiveCfg = Debug|Any CPU
		{45C70767-E0E3-4EA1-A0F5-679DBD3369C5}.Debug|Any CPU.Build.0 = Debug|Any CPU
		{45C70767-E0E3-4EA1-A0F5-679DBD3369C5}.Debug|Mixed Platforms.ActiveCfg = Debug|Any CPU
		{45C70767-E0E3-4EA1-A0F5-679DBD3369C5}.Debug|Mixed Platforms.Build.0 = Debug|Any CPU
		{45C70767-E0E3-4EA1-A0F5-679DBD3369C5}.Debug|Win32.ActiveCfg = Debug|Any CPU
		{45C70767-E0E3-4EA1-A0F5-679DBD3369C5}.Debug|x64.ActiveCfg = Debug|Any CPU
		{45C70767-E0E3-4EA1-A0F5-679DBD3369C5}.Debug|x86.ActiveCfg = Debug|Any CPU
		{45C70767-E0E3-4EA1-A0F5-679DBD3369C5}.Release|Any CPU.ActiveCfg = Release|Any CPU
		{45C70767-E0E3-4EA1-A0F5-679DBD3369C5}.Release|Any CPU.Build.0 = Release|Any CPU
		{45C70767-E0E3-4EA1-A0F5-679DBD3369C5}.Release|Mixed Platforms.ActiveCfg = Release|Any CPU
		{45C70767-E0E3-4EA1-A0F5-679DBD3369C5}.Release|Mixed Platforms.Build.0 = Release|Any CPU
		{45C70767-E0E3-4EA1-A0F5-679DBD3369C5}.Release|Win32.ActiveCfg = Release|Any CPU
		{45C70767-E0E3-4EA1-A0F5-679DBD3369C5}.Release|x64.ActiveCfg = Release|Any CPU
		{45C70767-E0E3-4EA1-A0F5-679DBD3369C5}.Release|x86.ActiveCfg = Release|Any CPU
		{45C70767-E0E3-4EA1-A0F5-679DBD3369C5}.UnitTests|Any CPU.ActiveCfg = Release|Any CPU
		{45C70767-E0E3-4EA1-A0F5-679DBD3369C5}.UnitTests|Any CPU.Build.0 = Release|Any CPU
		{45C70767-E0E3-4EA1-A0F5-679DBD3369C5}.UnitTests|Mixed Platforms.ActiveCfg = Release|Any CPU
		{45C70767-E0E3-4EA1-A0F5-679DBD3369C5}.UnitTests|Mixed Platforms.Build.0 = Release|Any CPU
		{45C70767-E0E3-4EA1-A0F5-679DBD3369C5}.UnitTests|Win32.ActiveCfg = Release|Any CPU
		{45C70767-E0E3-4EA1-A0F5-679DBD3369C5}.UnitTests|x64.ActiveCfg = Release|Any CPU
		{45C70767-E0E3-4EA1-A0F5-679DBD3369C5}.UnitTests|x86.ActiveCfg = Release|Any CPU
		{A06D6D45-F35F-4007-BE7E-0A43A1AD6408}.32Bit|Any CPU.ActiveCfg = 32Bit|Any CPU
		{A06D6D45-F35F-4007-BE7E-0A43A1AD6408}.32Bit|Any CPU.Build.0 = 32Bit|Any CPU
		{A06D6D45-F35F-4007-BE7E-0A43A1AD6408}.32Bit|Mixed Platforms.ActiveCfg = 32Bit|x86
		{A06D6D45-F35F-4007-BE7E-0A43A1AD6408}.32Bit|Mixed Platforms.Build.0 = 32Bit|x86
		{A06D6D45-F35F-4007-BE7E-0A43A1AD6408}.32Bit|Win32.ActiveCfg = 32Bit|x86
		{A06D6D45-F35F-4007-BE7E-0A43A1AD6408}.32Bit|Win32.Build.0 = 32Bit|x86
		{A06D6D45-F35F-4007-BE7E-0A43A1AD6408}.32Bit|x64.ActiveCfg = 32Bit|x64
		{A06D6D45-F35F-4007-BE7E-0A43A1AD6408}.32Bit|x64.Build.0 = 32Bit|x64
		{A06D6D45-F35F-4007-BE7E-0A43A1AD6408}.32Bit|x86.ActiveCfg = 32Bit|x86
		{A06D6D45-F35F-4007-BE7E-0A43A1AD6408}.32Bit|x86.Build.0 = 32Bit|x86
		{A06D6D45-F35F-4007-BE7E-0A43A1AD6408}.Debug|Any CPU.ActiveCfg = Debug|Any CPU
		{A06D6D45-F35F-4007-BE7E-0A43A1AD6408}.Debug|Any CPU.Build.0 = Debug|Any CPU
		{A06D6D45-F35F-4007-BE7E-0A43A1AD6408}.Debug|Mixed Platforms.ActiveCfg = Debug|x86
		{A06D6D45-F35F-4007-BE7E-0A43A1AD6408}.Debug|Mixed Platforms.Build.0 = Debug|x86
		{A06D6D45-F35F-4007-BE7E-0A43A1AD6408}.Debug|Win32.ActiveCfg = Debug|x86
		{A06D6D45-F35F-4007-BE7E-0A43A1AD6408}.Debug|Win32.Build.0 = Debug|x86
		{A06D6D45-F35F-4007-BE7E-0A43A1AD6408}.Debug|x64.ActiveCfg = Debug|x64
		{A06D6D45-F35F-4007-BE7E-0A43A1AD6408}.Debug|x64.Build.0 = Debug|x64
		{A06D6D45-F35F-4007-BE7E-0A43A1AD6408}.Debug|x86.ActiveCfg = Debug|x86
		{A06D6D45-F35F-4007-BE7E-0A43A1AD6408}.Debug|x86.Build.0 = Debug|x86
		{A06D6D45-F35F-4007-BE7E-0A43A1AD6408}.Release|Any CPU.ActiveCfg = Release|Any CPU
		{A06D6D45-F35F-4007-BE7E-0A43A1AD6408}.Release|Any CPU.Build.0 = Release|Any CPU
		{A06D6D45-F35F-4007-BE7E-0A43A1AD6408}.Release|Mixed Platforms.ActiveCfg = Release|x86
		{A06D6D45-F35F-4007-BE7E-0A43A1AD6408}.Release|Mixed Platforms.Build.0 = Release|x86
		{A06D6D45-F35F-4007-BE7E-0A43A1AD6408}.Release|Win32.ActiveCfg = Release|x86
		{A06D6D45-F35F-4007-BE7E-0A43A1AD6408}.Release|Win32.Build.0 = Release|x86
		{A06D6D45-F35F-4007-BE7E-0A43A1AD6408}.Release|x64.ActiveCfg = Release|x64
		{A06D6D45-F35F-4007-BE7E-0A43A1AD6408}.Release|x64.Build.0 = Release|x64
		{A06D6D45-F35F-4007-BE7E-0A43A1AD6408}.Release|x86.ActiveCfg = Release|x86
		{A06D6D45-F35F-4007-BE7E-0A43A1AD6408}.Release|x86.Build.0 = Release|x86
		{A06D6D45-F35F-4007-BE7E-0A43A1AD6408}.UnitTests|Any CPU.ActiveCfg = UnitTests|Any CPU
		{A06D6D45-F35F-4007-BE7E-0A43A1AD6408}.UnitTests|Any CPU.Build.0 = UnitTests|Any CPU
		{A06D6D45-F35F-4007-BE7E-0A43A1AD6408}.UnitTests|Mixed Platforms.ActiveCfg = UnitTests|x86
		{A06D6D45-F35F-4007-BE7E-0A43A1AD6408}.UnitTests|Mixed Platforms.Build.0 = UnitTests|x86
		{A06D6D45-F35F-4007-BE7E-0A43A1AD6408}.UnitTests|Win32.ActiveCfg = UnitTests|x86
		{A06D6D45-F35F-4007-BE7E-0A43A1AD6408}.UnitTests|Win32.Build.0 = UnitTests|x86
		{A06D6D45-F35F-4007-BE7E-0A43A1AD6408}.UnitTests|x64.ActiveCfg = UnitTests|x64
		{A06D6D45-F35F-4007-BE7E-0A43A1AD6408}.UnitTests|x64.Build.0 = UnitTests|x64
		{A06D6D45-F35F-4007-BE7E-0A43A1AD6408}.UnitTests|x86.ActiveCfg = UnitTests|x86
		{A06D6D45-F35F-4007-BE7E-0A43A1AD6408}.UnitTests|x86.Build.0 = UnitTests|x86
		{69B2729D-6ED8-4B31-B8C3-264678B1EF94}.32Bit|Any CPU.ActiveCfg = 32Bit|Any CPU
		{69B2729D-6ED8-4B31-B8C3-264678B1EF94}.32Bit|Any CPU.Build.0 = 32Bit|Any CPU
		{69B2729D-6ED8-4B31-B8C3-264678B1EF94}.32Bit|Mixed Platforms.ActiveCfg = 32Bit|x86
		{69B2729D-6ED8-4B31-B8C3-264678B1EF94}.32Bit|Mixed Platforms.Build.0 = 32Bit|x86
		{69B2729D-6ED8-4B31-B8C3-264678B1EF94}.32Bit|Win32.ActiveCfg = 32Bit|x86
		{69B2729D-6ED8-4B31-B8C3-264678B1EF94}.32Bit|Win32.Build.0 = 32Bit|x86
		{69B2729D-6ED8-4B31-B8C3-264678B1EF94}.32Bit|x64.ActiveCfg = 32Bit|x64
		{69B2729D-6ED8-4B31-B8C3-264678B1EF94}.32Bit|x64.Build.0 = 32Bit|x64
		{69B2729D-6ED8-4B31-B8C3-264678B1EF94}.32Bit|x86.ActiveCfg = 32Bit|x86
		{69B2729D-6ED8-4B31-B8C3-264678B1EF94}.32Bit|x86.Build.0 = 32Bit|x86
		{69B2729D-6ED8-4B31-B8C3-264678B1EF94}.Debug|Any CPU.ActiveCfg = Debug|Any CPU
		{69B2729D-6ED8-4B31-B8C3-264678B1EF94}.Debug|Any CPU.Build.0 = Debug|Any CPU
		{69B2729D-6ED8-4B31-B8C3-264678B1EF94}.Debug|Mixed Platforms.ActiveCfg = Debug|x86
		{69B2729D-6ED8-4B31-B8C3-264678B1EF94}.Debug|Mixed Platforms.Build.0 = Debug|x86
		{69B2729D-6ED8-4B31-B8C3-264678B1EF94}.Debug|Win32.ActiveCfg = Debug|x86
		{69B2729D-6ED8-4B31-B8C3-264678B1EF94}.Debug|Win32.Build.0 = Debug|x86
		{69B2729D-6ED8-4B31-B8C3-264678B1EF94}.Debug|x64.ActiveCfg = Debug|x64
		{69B2729D-6ED8-4B31-B8C3-264678B1EF94}.Debug|x64.Build.0 = Debug|x64
		{69B2729D-6ED8-4B31-B8C3-264678B1EF94}.Debug|x86.ActiveCfg = Debug|x86
		{69B2729D-6ED8-4B31-B8C3-264678B1EF94}.Debug|x86.Build.0 = Debug|x86
		{69B2729D-6ED8-4B31-B8C3-264678B1EF94}.Release|Any CPU.ActiveCfg = Release|Any CPU
		{69B2729D-6ED8-4B31-B8C3-264678B1EF94}.Release|Any CPU.Build.0 = Release|Any CPU
		{69B2729D-6ED8-4B31-B8C3-264678B1EF94}.Release|Mixed Platforms.ActiveCfg = Release|x86
		{69B2729D-6ED8-4B31-B8C3-264678B1EF94}.Release|Mixed Platforms.Build.0 = Release|x86
		{69B2729D-6ED8-4B31-B8C3-264678B1EF94}.Release|Win32.ActiveCfg = Release|x86
		{69B2729D-6ED8-4B31-B8C3-264678B1EF94}.Release|Win32.Build.0 = Release|x86
		{69B2729D-6ED8-4B31-B8C3-264678B1EF94}.Release|x64.ActiveCfg = Release|x64
		{69B2729D-6ED8-4B31-B8C3-264678B1EF94}.Release|x64.Build.0 = Release|x64
		{69B2729D-6ED8-4B31-B8C3-264678B1EF94}.Release|x86.ActiveCfg = Release|x86
		{69B2729D-6ED8-4B31-B8C3-264678B1EF94}.Release|x86.Build.0 = Release|x86
		{69B2729D-6ED8-4B31-B8C3-264678B1EF94}.UnitTests|Any CPU.ActiveCfg = UnitTests|Any CPU
		{69B2729D-6ED8-4B31-B8C3-264678B1EF94}.UnitTests|Any CPU.Build.0 = UnitTests|Any CPU
		{69B2729D-6ED8-4B31-B8C3-264678B1EF94}.UnitTests|Mixed Platforms.ActiveCfg = UnitTests|x86
		{69B2729D-6ED8-4B31-B8C3-264678B1EF94}.UnitTests|Mixed Platforms.Build.0 = UnitTests|x86
		{69B2729D-6ED8-4B31-B8C3-264678B1EF94}.UnitTests|Win32.ActiveCfg = UnitTests|x86
		{69B2729D-6ED8-4B31-B8C3-264678B1EF94}.UnitTests|Win32.Build.0 = UnitTests|x86
		{69B2729D-6ED8-4B31-B8C3-264678B1EF94}.UnitTests|x64.ActiveCfg = UnitTests|x64
		{69B2729D-6ED8-4B31-B8C3-264678B1EF94}.UnitTests|x64.Build.0 = UnitTests|x64
		{69B2729D-6ED8-4B31-B8C3-264678B1EF94}.UnitTests|x86.ActiveCfg = UnitTests|x86
		{69B2729D-6ED8-4B31-B8C3-264678B1EF94}.UnitTests|x86.Build.0 = UnitTests|x86
	EndGlobalSection
	GlobalSection(SolutionProperties) = preSolution
		HideSolutionNode = FALSE
	EndGlobalSection
EndGlobal
